
Microsoft Visual Studio Solution File, Format Version 12.00
# Visual Studio Version 17
VisualStudioVersion = 17.11.35327.3
MinimumVisualStudioVersion = 10.0.40219.1
Project("{C9674DCB-5085-4A16-B785-4C70DD1589BD}") = "Testing Netflix", "Testing Netflix.dtproj", "{42003D05-B5B6-4635-941C-178F0B2808C7}"
EndProject
Global
	GlobalSection(SolutionConfigurationPlatforms) = preSolution
		Development|Default = Development|Default
	EndGlobalSection
	GlobalSection(ProjectConfigurationPlatforms) = postSolution
		{42003D05-B5B6-4635-941C-178F0B2808C7}.Development|Default.ActiveCfg = Development
		{42003D05-B5B6-4635-941C-178F0B2808C7}.Development|Default.Build.0 = Development
	EndGlobalSection
	GlobalSection(SolutionProperties) = preSolution
		HideSolutionNode = FALSE
	EndGlobalSection
	GlobalSection(ExtensibilityGlobals) = postSolution
		SolutionGuid = {E0D0D2C3-2584-419E-A604-55CD3778616E}
	EndGlobalSection
EndGlobal
